// !$*UTF8*$!
{
	archiveVersion = 1;
	classes = {
	};
	objectVersion = 77;
	objects = {

/* Begin PBXBuildFile section */
		03EE66C00787DDF84624D322 /* FullScreenRecorderView.swift in Sources */ = {isa = PBXBuildFile; fileRef = 4851DEECB1D58EC1426CE685 /* FullScreenRecorderView.swift */; };
		0A991912FE3961D22406DE15 /* HomeView.swift in Sources */ = {isa = PBXBuildFile; fileRef = B0C10E2C4457F5A8003540BD /* HomeView.swift */; };
		1C268D52EAFAD1065FAF8971 /* RecordingsListView.swift in Sources */ = {isa = PBXBuildFile; fileRef = 178087A8FE6EEA623B12EFFE /* RecordingsListView.swift */; };
		216D7A4F6D7F8133237A5006 /* SharedUI.swift in Sources */ = {isa = PBXBuildFile; fileRef = DF42B99658CD3578996276C8 /* SharedUI.swift */; };
		254E5B30688AAE20364D103E /* RecordingsStore.swift in Sources */ = {isa = PBXBuildFile; fileRef = 47ED7255D89E335371E1E79F /* RecordingsStore.swift */; };
		50320A0C0AD7AD29189DE9C9 /* Recording.swift in Sources */ = {isa = PBXBuildFile; fileRef = AF76468B63A627C170E212E9 /* Recording.swift */; };
		5ACA8249354FB27508697A07 /* InterfaceOrientationController.swift in Sources */ = {isa = PBXBuildFile; fileRef = 68B5BC74964FF1BCAF1AAFA3 /* InterfaceOrientationController.swift */; };
		97A23FFFBABD2306AC951CE7 /* RecordingDetailView.swift in Sources */ = {isa = PBXBuildFile; fileRef = B324DC9BAC90B42D38ABB994 /* RecordingDetailView.swift */; };
		A430A8E9DF2261F3535A01B4 /* CardRecorderView.swift in Sources */ = {isa = PBXBuildFile; fileRef = AA2DFE647F3EAC42ADBA8963 /* CardRecorderView.swift */; };
		BDD093F64C875503F69EC8C2 /* ASCamera in Frameworks */ = {isa = PBXBuildFile; productRef = 73172E5B43AD8CDAE1BD39F0 /* ASCamera */; };
		E69AAE5D69233A61861CE14F /* ASCameraExampleApp.swift in Sources */ = {isa = PBXBuildFile; fileRef = 4C2C8A00D593CBFD04BE9DE5 /* ASCameraExampleApp.swift */; };
		FC7E20D65185335F448C443A /* RecordingMetadata.swift in Sources */ = {isa = PBXBuildFile; fileRef = 34728B67101B84AC97FE8491 /* RecordingMetadata.swift */; };
/* End PBXBuildFile section */

/* Begin PBXFileReference section */
		178087A8FE6EEA623B12EFFE /* RecordingsListView.swift */ = {isa = PBXFileReference; lastKnownFileType = sourcecode.swift; path = RecordingsListView.swift; sourceTree = "<group>"; };
		1854ED4F5D35AE491C05312D /* ASCameraExample.app */ = {isa = PBXFileReference; explicitFileType = wrapper.application; includeInIndex = 0; path = ASCameraExample.app; sourceTree = BUILT_PRODUCTS_DIR; };
		34728B67101B84AC97FE8491 /* RecordingMetadata.swift */ = {isa = PBXFileReference; lastKnownFileType = sourcecode.swift; path = RecordingMetadata.swift; sourceTree = "<group>"; };
		47ED7255D89E335371E1E79F /* RecordingsStore.swift */ = {isa = PBXFileReference; lastKnownFileType = sourcecode.swift; path = RecordingsStore.swift; sourceTree = "<group>"; };
		4851DEECB1D58EC1426CE685 /* FullScreenRecorderView.swift */ = {isa = PBXFileReference; lastKnownFileType = sourcecode.swift; path = FullScreenRecorderView.swift; sourceTree = "<group>"; };
		4C2C8A00D593CBFD04BE9DE5 /* ASCameraExampleApp.swift */ = {isa = PBXFileReference; lastKnownFileType = sourcecode.swift; path = ASCameraExampleApp.swift; sourceTree = "<group>"; };
		68B5BC74964FF1BCAF1AAFA3 /* InterfaceOrientationController.swift */ = {isa = PBXFileReference; lastKnownFileType = sourcecode.swift; path = InterfaceOrientationController.swift; sourceTree = "<group>"; };
		AA2DFE647F3EAC42ADBA8963 /* CardRecorderView.swift */ = {isa = PBXFileReference; lastKnownFileType = sourcecode.swift; path = CardRecorderView.swift; sourceTree = "<group>"; };
		AF76468B63A627C170E212E9 /* Recording.swift */ = {isa = PBXFileReference; lastKnownFileType = sourcecode.swift; path = Recording.swift; sourceTree = "<group>"; };
		B0C10E2C4457F5A8003540BD /* HomeView.swift */ = {isa = PBXFileReference; lastKnownFileType = sourcecode.swift; path = HomeView.swift; sourceTree = "<group>"; };
		B324DC9BAC90B42D38ABB994 /* RecordingDetailView.swift */ = {isa = PBXFileReference; lastKnownFileType = sourcecode.swift; path = RecordingDetailView.swift; sourceTree = "<group>"; };
		D664935646AE72E4CA606499 /* as-camera */ = {isa = PBXFileReference; lastKnownFileType = folder; name = "as-camera"; path = ../..; sourceTree = SOURCE_ROOT; };
		DF42B99658CD3578996276C8 /* SharedUI.swift */ = {isa = PBXFileReference; lastKnownFileType = sourcecode.swift; path = SharedUI.swift; sourceTree = "<group>"; };
/* End PBXFileReference section */

/* Begin PBXFrameworksBuildPhase section */
		E0717289C55D9021CD695ABF /* Frameworks */ = {
			isa = PBXFrameworksBuildPhase;
			buildActionMask = 2147483647;
			files = (
				BDD093F64C875503F69EC8C2 /* ASCamera in Frameworks */,
			);
			runOnlyForDeploymentPostprocessing = 0;
		};
/* End PBXFrameworksBuildPhase section */

/* Begin PBXGroup section */
		029BC25498EC46B5406C4664 /* Products */ = {
			isa = PBXGroup;
			children = (
				1854ED4F5D35AE491C05312D /* ASCameraExample.app */,
			);
			name = Products;
			sourceTree = "<group>";
		};
		4DF5770957EF8FAF4F9E83E5 /* App */ = {
			isa = PBXGroup;
			children = (
				4C2C8A00D593CBFD04BE9DE5 /* ASCameraExampleApp.swift */,
				B0C10E2C4457F5A8003540BD /* HomeView.swift */,
				68B5BC74964FF1BCAF1AAFA3 /* InterfaceOrientationController.swift */,
			);
			path = App;
			sourceTree = "<group>";
		};
		5553A81B741C2175A09353D0 /* Recordings */ = {
			isa = PBXGroup;
			children = (
				B324DC9BAC90B42D38ABB994 /* RecordingDetailView.swift */,
				178087A8FE6EEA623B12EFFE /* RecordingsListView.swift */,
				47ED7255D89E335371E1E79F /* RecordingsStore.swift */,
			);
			path = Recordings;
			sourceTree = "<group>";
		};
		583D3822CB0220981EA7E1E6 = {
			isa = PBXGroup;
			children = (
				684CC3BB81DE49E08897B933 /* Packages */,
				E9C99EB513F30BA12CBE4067 /* Sources */,
				029BC25498EC46B5406C4664 /* Products */,
			);
			sourceTree = "<group>";
		};
		684CC3BB81DE49E08897B933 /* Packages */ = {
			isa = PBXGroup;
			children = (
				D664935646AE72E4CA606499 /* as-camera */,
			);
			name = Packages;
			sourceTree = "<group>";
		};
		B8BDEEE853D542AEC052F820 /* Support */ = {
			isa = PBXGroup;
			children = (
				AF76468B63A627C170E212E9 /* Recording.swift */,
				34728B67101B84AC97FE8491 /* RecordingMetadata.swift */,
				DF42B99658CD3578996276C8 /* SharedUI.swift */,
			);
			path = Support;
			sourceTree = "<group>";
		};
		E9C99EB513F30BA12CBE4067 /* Sources */ = {
			isa = PBXGroup;
			children = (
				4DF5770957EF8FAF4F9E83E5 /* App */,
				5553A81B741C2175A09353D0 /* Recordings */,
				FF52F16FA1450DAF3D6924EF /* Screens */,
				B8BDEEE853D542AEC052F820 /* Support */,
			);
			path = Sources;
			sourceTree = "<group>";
		};
		FF52F16FA1450DAF3D6924EF /* Screens */ = {
			isa = PBXGroup;
			children = (
				AA2DFE647F3EAC42ADBA8963 /* CardRecorderView.swift */,
				4851DEECB1D58EC1426CE685 /* FullScreenRecorderView.swift */,
			);
			path = Screens;
			sourceTree = "<group>";
		};
/* End PBXGroup section */

/* Begin PBXNativeTarget section */
		01DD792E043C2A0CB5AEF816 /* ASCameraExample */ = {
			isa = PBXNativeTarget;
			buildConfigurationList = 085B9AD618652D2168FB7F7B /* Build configuration list for PBXNativeTarget "ASCameraExample" */;
			buildPhases = (
				CAFA28CF2BD1CD90C9D0AA4E /* Sources */,
				E0717289C55D9021CD695ABF /* Frameworks */,
			);
			buildRules = (
			);
			dependencies = (
			);
			name = ASCameraExample;
			packageProductDependencies = (
				73172E5B43AD8CDAE1BD39F0 /* ASCamera */,
			);
			productName = ASCameraExample;
			productReference = 1854ED4F5D35AE491C05312D /* ASCameraExample.app */;
			productType = "com.apple.product-type.application";
		};
/* End PBXNativeTarget section */

/* Begin PBXProject section */
		1B33C08F816E0B07E4632884 /* Project object */ = {
			isa = PBXProject;
			attributes = {
				BuildIndependentTargetsInParallel = YES;
				LastUpgradeCheck = 1430;
			};
			buildConfigurationList = 067969109A6681E774E8F6B1 /* Build configuration list for PBXProject "ASCameraExample" */;
			developmentRegion = en;
			hasScannedForEncodings = 0;
			knownRegions = (
				Base,
				en,
			);
			mainGroup = 583D3822CB0220981EA7E1E6;
			minimizedProjectReferenceProxies = 1;
			packageReferences = (
				957BDA87766F771F1C42FDE8 /* XCLocalSwiftPackageReference "../.." */,
			);
			preferredProjectObjectVersion = 77;
			productRefGroup = 029BC25498EC46B5406C4664 /* Products */;
			projectDirPath = "";
			projectRoot = "";
			targets = (
				01DD792E043C2A0CB5AEF816 /* ASCameraExample */,
			);
		};
/* End PBXProject section */

/* Begin PBXSourcesBuildPhase section */
		CAFA28CF2BD1CD90C9D0AA4E /* Sources */ = {
			isa = PBXSourcesBuildPhase;
			buildActionMask = 2147483647;
			files = (
				E69AAE5D69233A61861CE14F /* ASCameraExampleApp.swift in Sources */,
				A430A8E9DF2261F3535A01B4 /* CardRecorderView.swift in Sources */,
				03EE66C00787DDF84624D322 /* FullScreenRecorderView.swift in Sources */,
				0A991912FE3961D22406DE15 /* HomeView.swift in Sources */,
				5ACA8249354FB27508697A07 /* InterfaceOrientationController.swift in Sources */,
				50320A0C0AD7AD29189DE9C9 /* Recording.swift in Sources */,
				97A23FFFBABD2306AC951CE7 /* RecordingDetailView.swift in Sources */,
				FC7E20D65185335F448C443A /* RecordingMetadata.swift in Sources */,
				1C268D52EAFAD1065FAF8971 /* RecordingsListView.swift in Sources */,
				254E5B30688AAE20364D103E /* RecordingsStore.swift in Sources */,
				216D7A4F6D7F8133237A5006 /* SharedUI.swift in Sources */,
			);
			runOnlyForDeploymentPostprocessing = 0;
		};
/* End PBXSourcesBuildPhase section */

/* Begin XCBuildConfiguration section */
		1623256D04071B14AE59BC2B /* Debug */ = {
			isa = XCBuildConfiguration;
			buildSettings = {
				ALWAYS_SEARCH_USER_PATHS = NO;
				CLANG_ANALYZER_NONNULL = YES;
				CLANG_ANALYZER_NUMBER_OBJECT_CONVERSION = YES_AGGRESSIVE;
				CLANG_CXX_LANGUAGE_STANDARD = "gnu++14";
				CLANG_CXX_LIBRARY = "libc++";
				CLANG_ENABLE_MODULES = YES;
				CLANG_ENABLE_OBJC_ARC = YES;
				CLANG_ENABLE_OBJC_WEAK = YES;
				CLANG_WARN_BLOCK_CAPTURE_AUTORELEASING = YES;
				CLANG_WARN_BOOL_CONVERSION = YES;
				CLANG_WARN_COMMA = YES;
				CLANG_WARN_CONSTANT_CONVERSION = YES;
				CLANG_WARN_DEPRECATED_OBJC_IMPLEMENTATIONS = YES;
				CLANG_WARN_DIRECT_OBJC_ISA_USAGE = YES_ERROR;
				CLANG_WARN_DOCUMENTATION_COMMENTS = YES;
				CLANG_WARN_EMPTY_BODY = YES;
				CLANG_WARN_ENUM_CONVERSION = YES;
				CLANG_WARN_INFINITE_RECURSION = YES;
				CLANG_WARN_INT_CONVERSION = YES;
				CLANG_WARN_NON_LITERAL_NULL_CONVERSION = YES;
				CLANG_WARN_OBJC_IMPLICIT_RETAIN_SELF = YES;
				CLANG_WARN_OBJC_LITERAL_CONVERSION = YES;
				CLANG_WARN_OBJC_ROOT_CLASS = YES_ERROR;
				CLANG_WARN_QUOTED_INCLUDE_IN_FRAMEWORK_HEADER = YES;
				CLANG_WARN_RANGE_LOOP_ANALYSIS = YES;
				CLANG_WARN_STRICT_PROTOTYPES = YES;
				CLANG_WARN_SUSPICIOUS_MOVE = YES;
				CLANG_WARN_UNGUARDED_AVAILABILITY = YES_AGGRESSIVE;
				CLANG_WARN_UNREACHABLE_CODE = YES;
				CLANG_WARN__DUPLICATE_METHOD_MATCH = YES;
				COPY_PHASE_STRIP = NO;
				DEBUG_INFORMATION_FORMAT = dwarf;
				ENABLE_STRICT_OBJC_MSGSEND = YES;
				ENABLE_TESTABILITY = YES;
				GCC_C_LANGUAGE_STANDARD = gnu11;
				GCC_DYNAMIC_NO_PIC = NO;
				GCC_NO_COMMON_BLOCKS = YES;
				GCC_OPTIMIZATION_LEVEL = 0;
				GCC_PREPROCESSOR_DEFINITIONS = (
					"$(inherited)",
					"DEBUG=1",
				);
				GCC_WARN_64_TO_32_BIT_CONVERSION = YES;
				GCC_WARN_ABOUT_RETURN_TYPE = YES_ERROR;
				GCC_WARN_UNDECLARED_SELECTOR = YES;
				GCC_WARN_UNINITIALIZED_AUTOS = YES_AGGRESSIVE;
				GCC_WARN_UNUSED_FUNCTION = YES;
				GCC_WARN_UNUSED_VARIABLE = YES;
				IPHONEOS_DEPLOYMENT_TARGET = 17.0;
				MTL_ENABLE_DEBUG_INFO = INCLUDE_SOURCE;
				MTL_FAST_MATH = YES;
				ONLY_ACTIVE_ARCH = YES;
				PRODUCT_NAME = "$(TARGET_NAME)";
				SDKROOT = iphoneos;
				SWIFT_ACTIVE_COMPILATION_CONDITIONS = DEBUG;
				SWIFT_OPTIMIZATION_LEVEL = "-Onone";
				SWIFT_VERSION = 5.0;
			};
			name = Debug;
		};
		57A9F47415593CA2A2B6570F /* Release */ = {
			isa = XCBuildConfiguration;
			buildSettings = {
				ALWAYS_SEARCH_USER_PATHS = NO;
				CLANG_ANALYZER_NONNULL = YES;
				CLANG_ANALYZER_NUMBER_OBJECT_CONVERSION = YES_AGGRESSIVE;
				CLANG_CXX_LANGUAGE_STANDARD = "gnu++14";
				CLANG_CXX_LIBRARY = "libc++";
				CLANG_ENABLE_MODULES = YES;
				CLANG_ENABLE_OBJC_ARC = YES;
				CLANG_ENABLE_OBJC_WEAK = YES;
				CLANG_WARN_BLOCK_CAPTURE_AUTORELEASING = YES;
				CLANG_WARN_BOOL_CONVERSION = YES;
				CLANG_WARN_COMMA = YES;
				CLANG_WARN_CONSTANT_CONVERSION = YES;
				CLANG_WARN_DEPRECATED_OBJC_IMPLEMENTATIONS = YES;
				CLANG_WARN_DIRECT_OBJC_ISA_USAGE = YES_ERROR;
				CLANG_WARN_DOCUMENTATION_COMMENTS = YES;
				CLANG_WARN_EMPTY_BODY = YES;
				CLANG_WARN_ENUM_CONVERSION = YES;
				CLANG_WARN_INFINITE_RECURSION = YES;
				CLANG_WARN_INT_CONVERSION = YES;
				CLANG_WARN_NON_LITERAL_NULL_CONVERSION = YES;
				CLANG_WARN_OBJC_IMPLICIT_RETAIN_SELF = YES;
				CLANG_WARN_OBJC_LITERAL_CONVERSION = YES;
				CLANG_WARN_OBJC_ROOT_CLASS = YES_ERROR;
				CLANG_WARN_QUOTED_INCLUDE_IN_FRAMEWORK_HEADER = YES;
				CLANG_WARN_RANGE_LOOP_ANALYSIS = YES;
				CLANG_WARN_STRICT_PROTOTYPES = YES;
				CLANG_WARN_SUSPICIOUS_MOVE = YES;
				CLANG_WARN_UNGUARDED_AVAILABILITY = YES_AGGRESSIVE;
				CLANG_WARN_UNREACHABLE_CODE = YES;
				CLANG_WARN__DUPLICATE_METHOD_MATCH = YES;
				COPY_PHASE_STRIP = NO;
				DEBUG_INFORMATION_FORMAT = "dwarf-with-dsym";
				ENABLE_NS_ASSERTIONS = NO;
				ENABLE_STRICT_OBJC_MSGSEND = YES;
				GCC_C_LANGUAGE_STANDARD = gnu11;
				GCC_NO_COMMON_BLOCKS = YES;
				GCC_WARN_64_TO_32_BIT_CONVERSION = YES;
				GCC_WARN_ABOUT_RETURN_TYPE = YES_ERROR;
				GCC_WARN_UNDECLARED_SELECTOR = YES;
				GCC_WARN_UNINITIALIZED_AUTOS = YES_AGGRESSIVE;
				GCC_WARN_UNUSED_FUNCTION = YES;
				GCC_WARN_UNUSED_VARIABLE = YES;
				IPHONEOS_DEPLOYMENT_TARGET = 17.0;
				MTL_ENABLE_DEBUG_INFO = NO;
				MTL_FAST_MATH = YES;
				PRODUCT_NAME = "$(TARGET_NAME)";
				SDKROOT = iphoneos;
				SWIFT_COMPILATION_MODE = wholemodule;
				SWIFT_OPTIMIZATION_LEVEL = "-O";
				SWIFT_VERSION = 5.0;
			};
			name = Release;
		};
		642B3EAA49F5863976333A96 /* Debug */ = {
			isa = XCBuildConfiguration;
			buildSettings = {
				ASSETCATALOG_COMPILER_APPICON_NAME = AppIcon;
				CODE_SIGN_IDENTITY = "iPhone Developer";
				CURRENT_PROJECT_VERSION = 1;
				DEVELOPMENT_TEAM = H96HCT9TFK;
				GENERATE_INFOPLIST_FILE = YES;
				INFOPLIST_KEY_LSSupportsOpeningDocumentsInPlace = YES;
				INFOPLIST_KEY_NSCameraUsageDescription = "ASCamera Example records video using your camera.";
				INFOPLIST_KEY_NSMicrophoneUsageDescription = "ASCamera Example records audio together with your video.";
				INFOPLIST_KEY_UIApplicationSceneManifest_Generation = YES;
				INFOPLIST_KEY_UIFileSharingEnabled = YES;
				INFOPLIST_KEY_UILaunchScreen_Generation = YES;
				INFOPLIST_KEY_UISupportedInterfaceOrientations = "UIInterfaceOrientationPortrait UIInterfaceOrientationLandscapeLeft UIInterfaceOrientationLandscapeRight";
				LD_RUNPATH_SEARCH_PATHS = (
					"$(inherited)",
					"@executable_path/Frameworks",
				);
				MARKETING_VERSION = 1.0;
				PRODUCT_BUNDLE_IDENTIFIER = global.shooters.ascamera.example;
				SDKROOT = iphoneos;
				SWIFT_VERSION = 6.0;
				TARGETED_DEVICE_FAMILY = "1,2";
			};
			name = Debug;
		};
		E9E8952E09E590C325387AAE /* Release */ = {
			isa = XCBuildConfiguration;
			buildSettings = {
				ASSETCATALOG_COMPILER_APPICON_NAME = AppIcon;
				CODE_SIGN_IDENTITY = "iPhone Developer";
				CURRENT_PROJECT_VERSION = 1;
				DEVELOPMENT_TEAM = H96HCT9TFK;
				GENERATE_INFOPLIST_FILE = YES;
				INFOPLIST_KEY_LSSupportsOpeningDocumentsInPlace = YES;
				INFOPLIST_KEY_NSCameraUsageDescription = "ASCamera Example records video using your camera.";
				INFOPLIST_KEY_NSMicrophoneUsageDescription = "ASCamera Example records audio together with your video.";
				INFOPLIST_KEY_UIApplicationSceneManifest_Generation = YES;
				INFOPLIST_KEY_UIFileSharingEnabled = YES;
				INFOPLIST_KEY_UILaunchScreen_Generation = YES;
				INFOPLIST_KEY_UISupportedInterfaceOrientations = "UIInterfaceOrientationPortrait UIInterfaceOrientationLandscapeLeft UIInterfaceOrientationLandscapeRight";
				LD_RUNPATH_SEARCH_PATHS = (
					"$(inherited)",
					"@executable_path/Frameworks",
				);
				MARKETING_VERSION = 1.0;
				PRODUCT_BUNDLE_IDENTIFIER = global.shooters.ascamera.example;
				SDKROOT = iphoneos;
				SWIFT_VERSION = 6.0;
				TARGETED_DEVICE_FAMILY = "1,2";
			};
			name = Release;
		};
/* End XCBuildConfiguration section */

/* Begin XCConfigurationList section */
		067969109A6681E774E8F6B1 /* Build configuration list for PBXProject "ASCameraExample" */ = {
			isa = XCConfigurationList;
			buildConfigurations = (
				1623256D04071B14AE59BC2B /* Debug */,
				57A9F47415593CA2A2B6570F /* Release */,
			);
			defaultConfigurationIsVisible = 0;
			defaultConfigurationName = Debug;
		};
		085B9AD618652D2168FB7F7B /* Build configuration list for PBXNativeTarget "ASCameraExample" */ = {
			isa = XCConfigurationList;
			buildConfigurations = (
				642B3EAA49F5863976333A96 /* Debug */,
				E9E8952E09E590C325387AAE /* Release */,
			);
			defaultConfigurationIsVisible = 0;
			defaultConfigurationName = Debug;
		};
/* End XCConfigurationList section */

/* Begin XCLocalSwiftPackageReference section */
		957BDA87766F771F1C42FDE8 /* XCLocalSwiftPackageReference "../.." */ = {
			isa = XCLocalSwiftPackageReference;
			relativePath = ../..;
		};
/* End XCLocalSwiftPackageReference section */

/* Begin XCSwiftPackageProductDependency section */
		73172E5B43AD8CDAE1BD39F0 /* ASCamera */ = {
			isa = XCSwiftPackageProductDependency;
			productName = ASCamera;
		};
/* End XCSwiftPackageProductDependency section */
	};
	rootObject = 1B33C08F816E0B07E4632884 /* Project object */;
}
